// !$*UTF8*$!
{
	archiveVersion = 1;
	classes = {
	};
	objectVersion = 50;
	objects = {

/* Begin PBXBuildFile section */
		021560642505479600621310 /* AppDelegate.swift in Sources */ = {isa = PBXBuildFile; fileRef = 021560632505479600621310 /* AppDelegate.swift */; };
		021560662505479600621310 /* ViewController.swift in Sources */ = {isa = PBXBuildFile; fileRef = 021560652505479600621310 /* ViewController.swift */; };
		021560682505479800621310 /* Assets.xcassets in Resources */ = {isa = PBXBuildFile; fileRef = 021560672505479800621310 /* Assets.xcassets */; };
		0215607625054BDF00621310 /* Chip8.cpp in Sources */ = {isa = PBXBuildFile; fileRef = 0215607425054BDF00621310 /* Chip8.cpp */; };
		0215607E25055BF100621310 /* CEChip8Bridge.mm in Sources */ = {isa = PBXBuildFile; fileRef = 0215607C25055BF100621310 /* CEChip8Bridge.mm */; };
		0244806E25110C0D00F7664A /* invaders.c8 in Resources */ = {isa = PBXBuildFile; fileRef = 0244806B25110C0D00F7664A /* invaders.c8 */; };
		0244806F25110C0D00F7664A /* tetris.c8 in Resources */ = {isa = PBXBuildFile; fileRef = 0244806C25110C0D00F7664A /* tetris.c8 */; };
		0244807025110C0D00F7664A /* pong2.c8 in Resources */ = {isa = PBXBuildFile; fileRef = 0244806D25110C0D00F7664A /* pong2.c8 */; };
		02448072251164B900F7664A /* DrawingLayer.swift in Sources */ = {isa = PBXBuildFile; fileRef = 02448071251164B900F7664A /* DrawingLayer.swift */; };
		02AE57962510EC0F002AC8BD /* main.swift in Sources */ = {isa = PBXBuildFile; fileRef = 02AE57952510EC0F002AC8BD /* main.swift */; };
/* End PBXBuildFile section */

/* Begin PBXFileReference section */
		021560602505479600621310 /* Chip-8-Emulator.app */ = {isa = PBXFileReference; explicitFileType = wrapper.application; includeInIndex = 0; path = "Chip-8-Emulator.app"; sourceTree = BUILT_PRODUCTS_DIR; };
		021560632505479600621310 /* AppDelegate.swift */ = {isa = PBXFileReference; lastKnownFileType = sourcecode.swift; path = AppDelegate.swift; sourceTree = "<group>"; };
		021560652505479600621310 /* ViewController.swift */ = {isa = PBXFileReference; lastKnownFileType = sourcecode.swift; path = ViewController.swift; sourceTree = "<group>"; };
		021560672505479800621310 /* Assets.xcassets */ = {isa = PBXFileReference; lastKnownFileType = folder.assetcatalog; path = Assets.xcassets; sourceTree = "<group>"; };
		0215606C2505479800621310 /* Info.plist */ = {isa = PBXFileReference; lastKnownFileType = text.plist.xml; path = Info.plist; sourceTree = "<group>"; };
		0215606D2505479800621310 /* Chip_8_Emulator.entitlements */ = {isa = PBXFileReference; lastKnownFileType = text.plist.entitlements; path = Chip_8_Emulator.entitlements; sourceTree = "<group>"; };
		0215607325054BDE00621310 /* Chip-8-Emulator-Bridging-Header.h */ = {isa = PBXFileReference; lastKnownFileType = sourcecode.c.h; path = "Chip-8-Emulator-Bridging-Header.h"; sourceTree = "<group>"; };
		0215607425054BDF00621310 /* Chip8.cpp */ = {isa = PBXFileReference; lastKnownFileType = sourcecode.cpp.cpp; path = Chip8.cpp; sourceTree = "<group>"; };
		0215607525054BDF00621310 /* Chip8.hpp */ = {isa = PBXFileReference; lastKnownFileType = sourcecode.cpp.h; path = Chip8.hpp; sourceTree = "<group>"; };
		0215607C25055BF100621310 /* CEChip8Bridge.mm */ = {isa = PBXFileReference; lastKnownFileType = sourcecode.cpp.objcpp; path = CEChip8Bridge.mm; sourceTree = "<group>"; };
		0215607D25055BF100621310 /* CEChip8Bridge.h */ = {isa = PBXFileReference; explicitFileType = sourcecode.c.h; path = CEChip8Bridge.h; sourceTree = "<group>"; };
		0244806B25110C0D00F7664A /* invaders.c8 */ = {isa = PBXFileReference; lastKnownFileType = file; path = invaders.c8; sourceTree = "<group>"; };
		0244806C25110C0D00F7664A /* tetris.c8 */ = {isa = PBXFileReference; lastKnownFileType = file; path = tetris.c8; sourceTree = "<group>"; };
		0244806D25110C0D00F7664A /* pong2.c8 */ = {isa = PBXFileReference; lastKnownFileType = file; path = pong2.c8; sourceTree = "<group>"; };
		02448071251164B900F7664A /* DrawingLayer.swift */ = {isa = PBXFileReference; lastKnownFileType = sourcecode.swift; path = DrawingLayer.swift; sourceTree = "<group>"; };
		02A953352513D98500E83D9E /* CBridge.h */ = {isa = PBXFileReference; lastKnownFileType = sourcecode.c.h; path = CBridge.h; sourceTree = "<group>"; };
		02AE57952510EC0F002AC8BD /* main.swift */ = {isa = PBXFileReference; lastKnownFileType = sourcecode.swift; path = main.swift; sourceTree = "<group>"; };
/* End PBXFileReference section */

/* Begin PBXFrameworksBuildPhase section */
		0215605D2505479600621310 /* Frameworks */ = {
			isa = PBXFrameworksBuildPhase;
			buildActionMask = 2147483647;
			files = (
			);
			runOnlyForDeploymentPostprocessing = 0;
		};
/* End PBXFrameworksBuildPhase section */

/* Begin PBXGroup section */
		021560572505479600621310 = {
			isa = PBXGroup;
			children = (
				0244806A25110C0D00F7664A /* Roms */,
				021560622505479600621310 /* Chip-8-Emulator */,
				021560612505479600621310 /* Products */,
			);
			sourceTree = "<group>";
		};
		021560612505479600621310 /* Products */ = {
			isa = PBXGroup;
			children = (
				021560602505479600621310 /* Chip-8-Emulator.app */,
			);
			name = Products;
			sourceTree = "<group>";
		};
		021560622505479600621310 /* Chip-8-Emulator */ = {
			isa = PBXGroup;
			children = (
				021560672505479800621310 /* Assets.xcassets */,
				021560632505479600621310 /* AppDelegate.swift */,
				021560652505479600621310 /* ViewController.swift */,
				0215606D2505479800621310 /* Chip_8_Emulator.entitlements */,
				0215606C2505479800621310 /* Info.plist */,
				0215607425054BDF00621310 /* Chip8.cpp */,
				0215607525054BDF00621310 /* Chip8.hpp */,
				0215607325054BDE00621310 /* Chip-8-Emulator-Bridging-Header.h */,
				0215607C25055BF100621310 /* CEChip8Bridge.mm */,
				0215607D25055BF100621310 /* CEChip8Bridge.h */,
				02AE57952510EC0F002AC8BD /* main.swift */,
				02448071251164B900F7664A /* DrawingLayer.swift */,
				02A953352513D98500E83D9E /* CBridge.h */,
			);
			path = "Chip-8-Emulator";
			sourceTree = "<group>";
		};
		0244806A25110C0D00F7664A /* Roms */ = {
			isa = PBXGroup;
			children = (
				0244806B25110C0D00F7664A /* invaders.c8 */,
				0244806C25110C0D00F7664A /* tetris.c8 */,
				0244806D25110C0D00F7664A /* pong2.c8 */,
			);
			path = Roms;
			sourceTree = "<group>";
		};
/* End PBXGroup section */

/* Begin PBXNativeTarget section */
		0215605F2505479600621310 /* Chip-8-Emulator */ = {
			isa = PBXNativeTarget;
			buildConfigurationList = 021560702505479800621310 /* Build configuration list for PBXNativeTarget "Chip-8-Emulator" */;
			buildPhases = (
				0215605C2505479600621310 /* Sources */,
				0215605D2505479600621310 /* Frameworks */,
				0215605E2505479600621310 /* Resources */,
			);
			buildRules = (
			);
			dependencies = (
			);
			name = "Chip-8-Emulator";
			productName = "Chip-8-Emulator";
			productReference = 021560602505479600621310 /* Chip-8-Emulator.app */;
			productType = "com.apple.product-type.application";
		};
/* End PBXNativeTarget section */

/* Begin PBXProject section */
		021560582505479600621310 /* Project object */ = {
			isa = PBXProject;
			attributes = {
				LastSwiftUpdateCheck = 1170;
				LastUpgradeCheck = 1200;
				ORGANIZATIONNAME = "Marco Mussini";
				TargetAttributes = {
					0215605F2505479600621310 = {
						CreatedOnToolsVersion = 11.7;
						LastSwiftMigration = 1170;
					};
				};
			};
			buildConfigurationList = 0215605B2505479600621310 /* Build configuration list for PBXProject "Chip-8-Emulator" */;
			compatibilityVersion = "Xcode 9.3";
			developmentRegion = en;
			hasScannedForEncodings = 0;
			knownRegions = (
				en,
				Base,
			);
			mainGroup = 021560572505479600621310;
			productRefGroup = 021560612505479600621310 /* Products */;
			projectDirPath = "";
			projectRoot = "";
			targets = (
				0215605F2505479600621310 /* Chip-8-Emulator */,
			);
		};
/* End PBXProject section */

/* Begin PBXResourcesBuildPhase section */
		0215605E2505479600621310 /* Resources */ = {
			isa = PBXResourcesBuildPhase;
			buildActionMask = 2147483647;
			files = (
				0244806E25110C0D00F7664A /* invaders.c8 in Resources */,
				021560682505479800621310 /* Assets.xcassets in Resources */,
				0244806F25110C0D00F7664A /* tetris.c8 in Resources */,
				0244807025110C0D00F7664A /* pong2.c8 in Resources */,
			);
			runOnlyForDeploymentPostprocessing = 0;
		};
/* End PBXResourcesBuildPhase section */

/* Begin PBXSourcesBuildPhase section */
		0215605C2505479600621310 /* Sources */ = {
			isa = PBXSourcesBuildPhase;
			buildActionMask = 2147483647;
			files = (
				021560662505479600621310 /* ViewController.swift in Sources */,
				02AE57962510EC0F002AC8BD /* main.swift in Sources */,
				0215607625054BDF00621310 /* Chip8.cpp in Sources */,
				0215607E25055BF100621310 /* CEChip8Bridge.mm in Sources */,
				02448072251164B900F7664A /* DrawingLayer.swift in Sources */,
				021560642505479600621310 /* AppDelegate.swift in Sources */,
			);
			runOnlyForDeploymentPostprocessing = 0;
		};
/* End PBXSourcesBuildPhase section */

/* Begin XCBuildConfiguration section */
		0215606E2505479800621310 /* Debug */ = {
			isa = XCBuildConfiguration;
			buildSettings = {
				ALWAYS_SEARCH_USER_PATHS = NO;
				CLANG_ANALYZER_NONNULL = YES;
				CLANG_ANALYZER_NUMBER_OBJECT_CONVERSION = YES_AGGRESSIVE;
				CLANG_CXX_LANGUAGE_STANDARD = "gnu++14";
				CLANG_CXX_LIBRARY = "libc++";
				CLANG_ENABLE_MODULES = YES;
				CLANG_ENABLE_OBJC_ARC = YES;
				CLANG_ENABLE_OBJC_WEAK = YES;
				CLANG_WARN_BLOCK_CAPTURE_AUTORELEASING = YES;
				CLANG_WARN_BOOL_CONVERSION = YES;
				CLANG_WARN_COMMA = YES;
				CLANG_WARN_CONSTANT_CONVERSION = YES;
				CLANG_WARN_DEPRECATED_OBJC_IMPLEMENTATIONS = YES;
				CLANG_WARN_DIRECT_OBJC_ISA_USAGE = YES_ERROR;
				CLANG_WARN_DOCUMENTATION_COMMENTS = YES;
				CLANG_WARN_EMPTY_BODY = YES;
				CLANG_WARN_ENUM_CONVERSION = YES;
				CLANG_WARN_INFINITE_RECURSION = YES;
				CLANG_WARN_INT_CONVERSION = YES;
				CLANG_WARN_NON_LITERAL_NULL_CONVERSION = YES;
				CLANG_WARN_OBJC_IMPLICIT_RETAIN_SELF = YES;
				CLANG_WARN_OBJC_LITERAL_CONVERSION = YES;
				CLANG_WARN_OBJC_ROOT_CLASS = YES_ERROR;
				CLANG_WARN_QUOTED_INCLUDE_IN_FRAMEWORK_HEADER = YES;
				CLANG_WARN_RANGE_LOOP_ANALYSIS = YES;
				CLANG_WARN_STRICT_PROTOTYPES = YES;
				CLANG_WARN_SUSPICIOUS_MOVE = YES;
				CLANG_WARN_UNGUARDED_AVAILABILITY = YES_AGGRESSIVE;
				CLANG_WARN_UNREACHABLE_CODE = YES;
				CLANG_WARN__DUPLICATE_METHOD_MATCH = YES;
				COPY_PHASE_STRIP = NO;
				DEBUG_INFORMATION_FORMAT = dwarf;
				ENABLE_STRICT_OBJC_MSGSEND = YES;
				ENABLE_TESTABILITY = YES;
				GCC_C_LANGUAGE_STANDARD = gnu11;
				GCC_DYNAMIC_NO_PIC = NO;
				GCC_NO_COMMON_BLOCKS = YES;
				GCC_OPTIMIZATION_LEVEL = 0;
				GCC_PREPROCESSOR_DEFINITIONS = (
					"DEBUG=1",
					"$(inherited)",
				);
				GCC_WARN_64_TO_32_BIT_CONVERSION = YES;
				GCC_WARN_ABOUT_RETURN_TYPE = YES_ERROR;
				GCC_WARN_UNDECLARED_SELECTOR = YES;
				GCC_WARN_UNINITIALIZED_AUTOS = YES_AGGRESSIVE;
				GCC_WARN_UNUSED_FUNCTION = YES;
				GCC_WARN_UNUSED_VARIABLE = YES;
				MACOSX_DEPLOYMENT_TARGET = 10.16;
				MTL_ENABLE_DEBUG_INFO = INCLUDE_SOURCE;
				MTL_FAST_MATH = YES;
				ONLY_ACTIVE_ARCH = YES;
				SDKROOT = macosx;
				SWIFT_ACTIVE_COMPILATION_CONDITIONS = DEBUG;
				SWIFT_OPTIMIZATION_LEVEL = "-Onone";
			};
			name = Debug;
		};
		0215606F2505479800621310 /* Release */ = {
			isa = XCBuildConfiguration;
			buildSettings = {
				ALWAYS_SEARCH_USER_PATHS = NO;
				CLANG_ANALYZER_NONNULL = YES;
				CLANG_ANALYZER_NUMBER_OBJECT_CONVERSION = YES_AGGRESSIVE;
				CLANG_CXX_LANGUAGE_STANDARD = "gnu++14";
				CLANG_CXX_LIBRARY = "libc++";
				CLANG_ENABLE_MODULES = YES;
				CLANG_ENABLE_OBJC_ARC = YES;
				CLANG_ENABLE_OBJC_WEAK = YES;
				CLANG_WARN_BLOCK_CAPTURE_AUTORELEASING = YES;
				CLANG_WARN_BOOL_CONVERSION = YES;
				CLANG_WARN_COMMA = YES;
				CLANG_WARN_CONSTANT_CONVERSION = YES;
				CLANG_WARN_DEPRECATED_OBJC_IMPLEMENTATIONS = YES;
				CLANG_WARN_DIRECT_OBJC_ISA_USAGE = YES_ERROR;
				CLANG_WARN_DOCUMENTATION_COMMENTS = YES;
				CLANG_WARN_EMPTY_BODY = YES;
				CLANG_WARN_ENUM_CONVERSION = YES;
				CLANG_WARN_INFINITE_RECURSION = YES;
				CLANG_WARN_INT_CONVERSION = YES;
				CLANG_WARN_NON_LITERAL_NULL_CONVERSION = YES;
				CLANG_WARN_OBJC_IMPLICIT_RETAIN_SELF = YES;
				CLANG_WARN_OBJC_LITERAL_CONVERSION = YES;
				CLANG_WARN_OBJC_ROOT_CLASS = YES_ERROR;
				CLANG_WARN_QUOTED_INCLUDE_IN_FRAMEWORK_HEADER = YES;
				CLANG_WARN_RANGE_LOOP_ANALYSIS = YES;
				CLANG_WARN_STRICT_PROTOTYPES = YES;
				CLANG_WARN_SUSPICIOUS_MOVE = YES;
				CLANG_WARN_UNGUARDED_AVAILABILITY = YES_AGGRESSIVE;
				CLANG_WARN_UNREACHABLE_CODE = YES;
				CLANG_WARN__DUPLICATE_METHOD_MATCH = YES;
				COPY_PHASE_STRIP = NO;
				DEBUG_INFORMATION_FORMAT = "dwarf-with-dsym";
				ENABLE_NS_ASSERTIONS = NO;
				ENABLE_STRICT_OBJC_MSGSEND = YES;
				GCC_C_LANGUAGE_STANDARD = gnu11;
				GCC_NO_COMMON_BLOCKS = YES;
				GCC_WARN_64_TO_32_BIT_CONVERSION = YES;
				GCC_WARN_ABOUT_RETURN_TYPE = YES_ERROR;
				GCC_WARN_UNDECLARED_SELECTOR = YES;
				GCC_WARN_UNINITIALIZED_AUTOS = YES_AGGRESSIVE;
				GCC_WARN_UNUSED_FUNCTION = YES;
				GCC_WARN_UNUSED_VARIABLE = YES;
				MACOSX_DEPLOYMENT_TARGET = 10.16;
				MTL_ENABLE_DEBUG_INFO = NO;
				MTL_FAST_MATH = YES;
				SDKROOT = macosx;
				SWIFT_COMPILATION_MODE = wholemodule;
				SWIFT_OPTIMIZATION_LEVEL = "-O";
			};
			name = Release;
		};
		021560712505479800621310 /* Debug */ = {
			isa = XCBuildConfiguration;
			buildSettings = {
				ASSETCATALOG_COMPILER_APPICON_NAME = AppIcon;
				CLANG_ENABLE_MODULES = YES;
				CODE_SIGN_ENTITLEMENTS = "Chip-8-Emulator/Chip_8_Emulator.entitlements";
				CODE_SIGN_IDENTITY = "-";
				CODE_SIGN_STYLE = Automatic;
				COMBINE_HIDPI_IMAGES = YES;
				DEVELOPMENT_TEAM = 9A5UY5PDQS;
				ENABLE_HARDENED_RUNTIME = YES;
				INFOPLIST_FILE = "Chip-8-Emulator/Info.plist";
				LD_RUNPATH_SEARCH_PATHS = (
					"$(inherited)",
					"@executable_path/../Frameworks",
				);
				MACOSX_DEPLOYMENT_TARGET = 10.15;
				PRODUCT_BUNDLE_IDENTIFIER = "com.luckysoftware.Chip-8-Emulator";
				PRODUCT_NAME = "$(TARGET_NAME)";
				SWIFT_OBJC_BRIDGING_HEADER = "Chip-8-Emulator/Chip-8-Emulator-Bridging-Header.h";
				SWIFT_OPTIMIZATION_LEVEL = "-Onone";
				SWIFT_VERSION = 5.0;
			};
			name = Debug;
		};
		021560722505479800621310 /* Release */ = {
			isa = XCBuildConfiguration;
			buildSettings = {
				ASSETCATALOG_COMPILER_APPICON_NAME = AppIcon;
				CLANG_ENABLE_MODULES = YES;
				CODE_SIGN_ENTITLEMENTS = "Chip-8-Emulator/Chip_8_Emulator.entitlements";
				CODE_SIGN_IDENTITY = "-";
				CODE_SIGN_STYLE = Automatic;
				COMBINE_HIDPI_IMAGES = YES;
				DEVELOPMENT_TEAM = 9A5UY5PDQS;
				ENABLE_HARDENED_RUNTIME = YES;
				INFOPLIST_FILE = "Chip-8-Emulator/Info.plist";
				LD_RUNPATH_SEARCH_PATHS = (
					"$(inherited)",
					"@executable_path/../Frameworks",
				);
				MACOSX_DEPLOYMENT_TARGET = 10.15;
				PRODUCT_BUNDLE_IDENTIFIER = "com.luckysoftware.Chip-8-Emulator";
				PRODUCT_NAME = "$(TARGET_NAME)";
				SWIFT_OBJC_BRIDGING_HEADER = "Chip-8-Emulator/Chip-8-Emulator-Bridging-Header.h";
				SWIFT_VERSION = 5.0;
			};
			name = Release;
		};
/* End XCBuildConfiguration section */

/* Begin XCConfigurationList section */
		0215605B2505479600621310 /* Build configuration list for PBXProject "Chip-8-Emulator" */ = {
			isa = XCConfigurationList;
			buildConfigurations = (
				0215606E2505479800621310 /* Debug */,
				0215606F2505479800621310 /* Release */,
			);
			defaultConfigurationIsVisible = 0;
			defaultConfigurationName = Release;
		};
		021560702505479800621310 /* Build configuration list for PBXNativeTarget "Chip-8-Emulator" */ = {
			isa = XCConfigurationList;
			buildConfigurations = (
				021560712505479800621310 /* Debug */,
				021560722505479800621310 /* Release */,
			);
			defaultConfigurationIsVisible = 0;
			defaultConfigurationName = Release;
		};
/* End XCConfigurationList section */
	};
	rootObject = 021560582505479600621310 /* Project object */;
}
